
Microsoft Visual Studio Solution File, Format Version 12.00
# Visual Studio Version 17
VisualStudioVersion = 17.5.33516.290
MinimumVisualStudioVersion = 10.0.40219.1
Project("{FAE04EC0-301F-11D3-BF4B-00C04F79EFBC}") = "WS.Models.Revit2020", "src\Models\Revit2020\WS.Models.Revit2020.csproj", "{4BA1EF0B-BE1B-446E-9BDC-602EBB00E17F}"
EndProject
Project("{9A19103F-16F7-4668-BE54-9A1E7A4F7556}") = "Contracts", "src\Contracts\Contracts.csproj", "{93924862-BC86-4604-AE5E-C8DF950D112E}"
EndProject
Project("{9A19103F-16F7-4668-BE54-9A1E7A4F7556}") = "WS.ViewModels", "src\ViewModels\WS.ViewModels.csproj", "{CC6B3E7C-4E03-4EAD-A62B-084D846096F9}"
EndProject
Project("{FAE04EC0-301F-11D3-BF4B-00C04F79EFBC}") = "WS.Addin.Revit2020", "src\Addins\Revit2020\WS.Addin.Revit2020.csproj", "{3602AF86-E043-4315-B642-5A3224DD24F7}"
EndProject
Project("{FAE04EC0-301F-11D3-BF4B-00C04F79EFBC}") = "WS.Views.WPF", "src\Views\WPF\WS.Views.WPF.csproj", "{A51BDCD6-28D9-4C03-B5CE-9F7EB6C49283}"
EndProject
Project("{FAE04EC0-301F-11D3-BF4B-00C04F79EFBC}") = "Test.WS.Views.WPF", "tests\Views\WPF\Test.WS.Views.WPF.csproj", "{8ED91ABB-FC0F-4AA0-BF4E-2EB75835587F}"
EndProject
Project("{2150E333-8FDC-42A3-9474-1A3956D46DE8}") = "src", "src", "{E2DA1ACD-4BF3-4E00-9966-974DB63A159D}"
EndProject
Project("{2150E333-8FDC-42A3-9474-1A3956D46DE8}") = "test", "test", "{3DB4358F-D57F-4917-BE9E-89E0A18CBB50}"
EndProject
Project("{2150E333-8FDC-42A3-9474-1A3956D46DE8}") = "build", "build", "{1CF38068-3F85-43EB-A2E4-6F1BB5082A27}"
EndProject
Project("{2150E333-8FDC-42A3-9474-1A3956D46DE8}") = "Views", "Views", "{612A4570-9622-4073-BACF-DEE9E3249175}"
EndProject
Project("{2150E333-8FDC-42A3-9474-1A3956D46DE8}") = "Addins", "Addins", "{5C6DB3E3-2E73-42FD-8F37-DF419CBBAE87}"
EndProject
Project("{2150E333-8FDC-42A3-9474-1A3956D46DE8}") = "Models", "Models", "{782D1E4B-4822-4142-B9CE-ADFD75E32132}"
EndProject
Project("{2150E333-8FDC-42A3-9474-1A3956D46DE8}") = "ViewModels", "ViewModels", "{73CA2535-9AA0-407C-85A3-205DF81EC6D1}"
EndProject
Project("{2150E333-8FDC-42A3-9474-1A3956D46DE8}") = "Views", "Views", "{99AA22CB-CA03-4173-9FDD-C1C17CFB9576}"
EndProject
Project("{FAE04EC0-301F-11D3-BF4B-00C04F79EFBC}") = "Test.WS.Views.WinForms", "tests\Views\WinForms\Test.WS.Views.WinForms.csproj", "{E0CFC9CD-2AE4-4386-B8F8-F0EAB2CE5FF9}"
EndProject
Project("{FAE04EC0-301F-11D3-BF4B-00C04F79EFBC}") = "WS.Views.WinForms", "src\Views\WinForms\WS.Views.WinForms.csproj", "{986B6D68-CBD1-44AB-90F2-3699ED2C45E3}"
EndProject
Project("{9A19103F-16F7-4668-BE54-9A1E7A4F7556}") = "Mocks", "tests\Mocks\Mocks.csproj", "{4B4E1C20-E063-49E9-9020-FB41A91B20BC}"
EndProject
Project("{2150E333-8FDC-42A3-9474-1A3956D46DE8}") = "ViewModels", "ViewModels", "{2446E485-7D08-45C2-8B8E-1A446026555C}"
EndProject
Project("{2150E333-8FDC-42A3-9474-1A3956D46DE8}") = "Models", "Models", "{E7B50FD2-72BB-40DB-98E7-4F5203B0146B}"
EndProject
Project("{9A19103F-16F7-4668-BE54-9A1E7A4F7556}") = "Test.WS.Models.Revit2020", "tests\Models\Revit2020\Test.WS.Models.Revit2020.csproj", "{4FBC7EA9-666B-4E53-8E4A-39F6402B17D6}"
EndProject
Project("{FAE04EC0-301F-11D3-BF4B-00C04F79EFBC}") = "WS.Models.Revit2023", "src\Models\Revit2023\WS.Models.Revit2023.csproj", "{265D93CE-3335-40D1-9D1D-23CAD5E2796F}"
EndProject
Project("{FAE04EC0-301F-11D3-BF4B-00C04F79EFBC}") = "WS.Models.Acad2020", "src\Models\Acad2020\WS.Models.Acad2020.csproj", "{0AB05A60-4CFD-4936-8670-3A19DCEC31E5}"
EndProject
Project("{9A19103F-16F7-4668-BE54-9A1E7A4F7556}") = "Test.WS.Models.Acad2020", "tests\Models\Acad2020\Test.WS.Models.Acad2020.csproj", "{B4BB32BC-8B94-4C54-9086-01D4E26F0B00}"
EndProject
Project("{FAE04EC0-301F-11D3-BF4B-00C04F79EFBC}") = "WS.Addin.Acad2020", "src\Addins\Acad2020\WS.Addin.Acad2020.csproj", "{CE48878B-7E0A-4543-8318-04315B575DD4}"
EndProject
Project("{9A19103F-16F7-4668-BE54-9A1E7A4F7556}") = "Test.WS.Models", "tests\Models\Common\Test.WS.Models.csproj", "{F1C53FF7-A455-4FC0-AC9E-9C04984F9A36}"
EndProject
Project("{9A19103F-16F7-4668-BE54-9A1E7A4F7556}") = "WS.HttpServer", "src\Remote\HttpServer\WS.HttpServer.csproj", "{449E4551-6DA5-4771-A9F8-F2D92EEC9AF1}"
EndProject
Project("{9A19103F-16F7-4668-BE54-9A1E7A4F7556}") = "Test.WS.Views.Browser", "tests\Views\Browser\Test.WS.Views.Browser.csproj", "{84C4039B-A314-406F-AE65-6795F861E250}"
EndProject
Project("{9A19103F-16F7-4668-BE54-9A1E7A4F7556}") = "Test.WS.Remote", "tests\Remote\Test.WS.Remote.csproj", "{58F7EDA3-EB46-4ADE-B100-2BE94CB1C83A}"
EndProject
Project("{9A19103F-16F7-4668-BE54-9A1E7A4F7556}") = "Test.WS.Integration", "tests\Integration\Test.WS.Integration.csproj", "{34F05F58-26DC-4E8D-A743-63AB4C22EEE1}"
EndProject
Project("{9A19103F-16F7-4668-BE54-9A1E7A4F7556}") = "Test.WS.ViewModel", "tests\ViewModels\ViewModel\Test.WS.ViewModel.csproj", "{9926156F-D579-4F01-8ABC-4027FB3A560E}"
EndProject
Project("{2150E333-8FDC-42A3-9474-1A3956D46DE8}") = "Remote", "Remote", "{3DA827B6-31E9-47F2-9E9A-9FC2AB735260}"
EndProject
Project("{FAE04EC0-301F-11D3-BF4B-00C04F79EFBC}") = "WS.HttpClient", "src\Remote\HttpClient\WS.HttpClient.csproj", "{3C661480-98C7-4E72-B50D-69D3EB5C654B}"
EndProject
Global
	GlobalSection(SolutionConfigurationPlatforms) = preSolution
		Debug|Any CPU = Debug|Any CPU
		Release|Any CPU = Release|Any CPU
	EndGlobalSection
	GlobalSection(ProjectConfigurationPlatforms) = postSolution
		{4BA1EF0B-BE1B-446E-9BDC-602EBB00E17F}.Debug|Any CPU.ActiveCfg = Debug|Any CPU
		{4BA1EF0B-BE1B-446E-9BDC-602EBB00E17F}.Debug|Any CPU.Build.0 = Debug|Any CPU
		{4BA1EF0B-BE1B-446E-9BDC-602EBB00E17F}.Release|Any CPU.ActiveCfg = Release|Any CPU
		{4BA1EF0B-BE1B-446E-9BDC-602EBB00E17F}.Release|Any CPU.Build.0 = Release|Any CPU
		{93924862-BC86-4604-AE5E-C8DF950D112E}.Debug|Any CPU.ActiveCfg = Debug|Any CPU
		{93924862-BC86-4604-AE5E-C8DF950D112E}.Debug|Any CPU.Build.0 = Debug|Any CPU
		{93924862-BC86-4604-AE5E-C8DF950D112E}.Release|Any CPU.ActiveCfg = Release|Any CPU
		{93924862-BC86-4604-AE5E-C8DF950D112E}.Release|Any CPU.Build.0 = Release|Any CPU
		{CC6B3E7C-4E03-4EAD-A62B-084D846096F9}.Debug|Any CPU.ActiveCfg = Debug|Any CPU
		{CC6B3E7C-4E03-4EAD-A62B-084D846096F9}.Debug|Any CPU.Build.0 = Debug|Any CPU
		{CC6B3E7C-4E03-4EAD-A62B-084D846096F9}.Release|Any CPU.ActiveCfg = Release|Any CPU
		{CC6B3E7C-4E03-4EAD-A62B-084D846096F9}.Release|Any CPU.Build.0 = Release|Any CPU
		{3602AF86-E043-4315-B642-5A3224DD24F7}.Debug|Any CPU.ActiveCfg = Debug|Any CPU
		{3602AF86-E043-4315-B642-5A3224DD24F7}.Debug|Any CPU.Build.0 = Debug|Any CPU
		{3602AF86-E043-4315-B642-5A3224DD24F7}.Release|Any CPU.ActiveCfg = Release|Any CPU
		{3602AF86-E043-4315-B642-5A3224DD24F7}.Release|Any CPU.Build.0 = Release|Any CPU
		{A51BDCD6-28D9-4C03-B5CE-9F7EB6C49283}.Debug|Any CPU.ActiveCfg = Debug|Any CPU
		{A51BDCD6-28D9-4C03-B5CE-9F7EB6C49283}.Debug|Any CPU.Build.0 = Debug|Any CPU
		{A51BDCD6-28D9-4C03-B5CE-9F7EB6C49283}.Release|Any CPU.ActiveCfg = Release|Any CPU
		{A51BDCD6-28D9-4C03-B5CE-9F7EB6C49283}.Release|Any CPU.Build.0 = Release|Any CPU
		{8ED91ABB-FC0F-4AA0-BF4E-2EB75835587F}.Debug|Any CPU.ActiveCfg = Debug|Any CPU
		{8ED91ABB-FC0F-4AA0-BF4E-2EB75835587F}.Debug|Any CPU.Build.0 = Debug|Any CPU
		{8ED91ABB-FC0F-4AA0-BF4E-2EB75835587F}.Release|Any CPU.ActiveCfg = Release|Any CPU
		{8ED91ABB-FC0F-4AA0-BF4E-2EB75835587F}.Release|Any CPU.Build.0 = Release|Any CPU
		{E0CFC9CD-2AE4-4386-B8F8-F0EAB2CE5FF9}.Debug|Any CPU.ActiveCfg = Debug|Any CPU
		{E0CFC9CD-2AE4-4386-B8F8-F0EAB2CE5FF9}.Debug|Any CPU.Build.0 = Debug|Any CPU
		{E0CFC9CD-2AE4-4386-B8F8-F0EAB2CE5FF9}.Release|Any CPU.ActiveCfg = Release|Any CPU
		{E0CFC9CD-2AE4-4386-B8F8-F0EAB2CE5FF9}.Release|Any CPU.Build.0 = Release|Any CPU
		{986B6D68-CBD1-44AB-90F2-3699ED2C45E3}.Debug|Any CPU.ActiveCfg = Debug|Any CPU
		{986B6D68-CBD1-44AB-90F2-3699ED2C45E3}.Debug|Any CPU.Build.0 = Debug|Any CPU
		{986B6D68-CBD1-44AB-90F2-3699ED2C45E3}.Release|Any CPU.ActiveCfg = Release|Any CPU
		{986B6D68-CBD1-44AB-90F2-3699ED2C45E3}.Release|Any CPU.Build.0 = Release|Any CPU
		{4B4E1C20-E063-49E9-9020-FB41A91B20BC}.Debug|Any CPU.ActiveCfg = Debug|Any CPU
		{4B4E1C20-E063-49E9-9020-FB41A91B20BC}.Debug|Any CPU.Build.0 = Debug|Any CPU
		{4B4E1C20-E063-49E9-9020-FB41A91B20BC}.Release|Any CPU.ActiveCfg = Release|Any CPU
		{4B4E1C20-E063-49E9-9020-FB41A91B20BC}.Release|Any CPU.Build.0 = Release|Any CPU
		{4FBC7EA9-666B-4E53-8E4A-39F6402B17D6}.Debug|Any CPU.ActiveCfg = Debug|Any CPU
		{4FBC7EA9-666B-4E53-8E4A-39F6402B17D6}.Debug|Any CPU.Build.0 = Debug|Any CPU
		{4FBC7EA9-666B-4E53-8E4A-39F6402B17D6}.Release|Any CPU.ActiveCfg = Release|Any CPU
		{4FBC7EA9-666B-4E53-8E4A-39F6402B17D6}.Release|Any CPU.Build.0 = Release|Any CPU
		{265D93CE-3335-40D1-9D1D-23CAD5E2796F}.Debug|Any CPU.ActiveCfg = Debug|Any CPU
		{265D93CE-3335-40D1-9D1D-23CAD5E2796F}.Debug|Any CPU.Build.0 = Debug|Any CPU
		{265D93CE-3335-40D1-9D1D-23CAD5E2796F}.Release|Any CPU.ActiveCfg = Release|Any CPU
		{265D93CE-3335-40D1-9D1D-23CAD5E2796F}.Release|Any CPU.Build.0 = Release|Any CPU
		{0AB05A60-4CFD-4936-8670-3A19DCEC31E5}.Debug|Any CPU.ActiveCfg = Debug|Any CPU
		{0AB05A60-4CFD-4936-8670-3A19DCEC31E5}.Debug|Any CPU.Build.0 = Debug|Any CPU
		{0AB05A60-4CFD-4936-8670-3A19DCEC31E5}.Release|Any CPU.ActiveCfg = Release|Any CPU
		{0AB05A60-4CFD-4936-8670-3A19DCEC31E5}.Release|Any CPU.Build.0 = Release|Any CPU
		{B4BB32BC-8B94-4C54-9086-01D4E26F0B00}.Debug|Any CPU.ActiveCfg = Debug|Any CPU
		{B4BB32BC-8B94-4C54-9086-01D4E26F0B00}.Debug|Any CPU.Build.0 = Debug|Any CPU
		{B4BB32BC-8B94-4C54-9086-01D4E26F0B00}.Release|Any CPU.ActiveCfg = Release|Any CPU
		{B4BB32BC-8B94-4C54-9086-01D4E26F0B00}.Release|Any CPU.Build.0 = Release|Any CPU
		{CE48878B-7E0A-4543-8318-04315B575DD4}.Debug|Any CPU.ActiveCfg = Debug|Any CPU
		{CE48878B-7E0A-4543-8318-04315B575DD4}.Debug|Any CPU.Build.0 = Debug|Any CPU
		{CE48878B-7E0A-4543-8318-04315B575DD4}.Release|Any CPU.ActiveCfg = Release|Any CPU
		{CE48878B-7E0A-4543-8318-04315B575DD4}.Release|Any CPU.Build.0 = Release|Any CPU
		{F1C53FF7-A455-4FC0-AC9E-9C04984F9A36}.Debug|Any CPU.ActiveCfg = Debug|Any CPU
		{F1C53FF7-A455-4FC0-AC9E-9C04984F9A36}.Debug|Any CPU.Build.0 = Debug|Any CPU
		{F1C53FF7-A455-4FC0-AC9E-9C04984F9A36}.Release|Any CPU.ActiveCfg = Release|Any CPU
		{F1C53FF7-A455-4FC0-AC9E-9C04984F9A36}.Release|Any CPU.Build.0 = Release|Any CPU
		{449E4551-6DA5-4771-A9F8-F2D92EEC9AF1}.Debug|Any CPU.ActiveCfg = Debug|Any CPU
		{449E4551-6DA5-4771-A9F8-F2D92EEC9AF1}.Debug|Any CPU.Build.0 = Debug|Any CPU
		{449E4551-6DA5-4771-A9F8-F2D92EEC9AF1}.Release|Any CPU.ActiveCfg = Release|Any CPU
		{449E4551-6DA5-4771-A9F8-F2D92EEC9AF1}.Release|Any CPU.Build.0 = Release|Any CPU
		{84C4039B-A314-406F-AE65-6795F861E250}.Debug|Any CPU.ActiveCfg = Debug|Any CPU
		{84C4039B-A314-406F-AE65-6795F861E250}.Debug|Any CPU.Build.0 = Debug|Any CPU
		{84C4039B-A314-406F-AE65-6795F861E250}.Release|Any CPU.ActiveCfg = Release|Any CPU
		{84C4039B-A314-406F-AE65-6795F861E250}.Release|Any CPU.Build.0 = Release|Any CPU
		{58F7EDA3-EB46-4ADE-B100-2BE94CB1C83A}.Debug|Any CPU.ActiveCfg = Debug|Any CPU
		{58F7EDA3-EB46-4ADE-B100-2BE94CB1C83A}.Debug|Any CPU.Build.0 = Debug|Any CPU
		{58F7EDA3-EB46-4ADE-B100-2BE94CB1C83A}.Release|Any CPU.ActiveCfg = Release|Any CPU
		{58F7EDA3-EB46-4ADE-B100-2BE94CB1C83A}.Release|Any CPU.Build.0 = Release|Any CPU
		{34F05F58-26DC-4E8D-A743-63AB4C22EEE1}.Debug|Any CPU.ActiveCfg = Debug|Any CPU
		{34F05F58-26DC-4E8D-A743-63AB4C22EEE1}.Debug|Any CPU.Build.0 = Debug|Any CPU
		{34F05F58-26DC-4E8D-A743-63AB4C22EEE1}.Release|Any CPU.ActiveCfg = Release|Any CPU
		{34F05F58-26DC-4E8D-A743-63AB4C22EEE1}.Release|Any CPU.Build.0 = Release|Any CPU
		{9926156F-D579-4F01-8ABC-4027FB3A560E}.Debug|Any CPU.ActiveCfg = Debug|Any CPU
		{9926156F-D579-4F01-8ABC-4027FB3A560E}.Debug|Any CPU.Build.0 = Debug|Any CPU
		{9926156F-D579-4F01-8ABC-4027FB3A560E}.Release|Any CPU.ActiveCfg = Release|Any CPU
		{9926156F-D579-4F01-8ABC-4027FB3A560E}.Release|Any CPU.Build.0 = Release|Any CPU
		{3C661480-98C7-4E72-B50D-69D3EB5C654B}.Debug|Any CPU.ActiveCfg = Debug|Any CPU
		{3C661480-98C7-4E72-B50D-69D3EB5C654B}.Debug|Any CPU.Build.0 = Debug|Any CPU
		{3C661480-98C7-4E72-B50D-69D3EB5C654B}.Release|Any CPU.ActiveCfg = Release|Any CPU
		{3C661480-98C7-4E72-B50D-69D3EB5C654B}.Release|Any CPU.Build.0 = Release|Any CPU
	EndGlobalSection
	GlobalSection(SolutionProperties) = preSolution
		HideSolutionNode = FALSE
	EndGlobalSection
	GlobalSection(NestedProjects) = preSolution
		{4BA1EF0B-BE1B-446E-9BDC-602EBB00E17F} = {782D1E4B-4822-4142-B9CE-ADFD75E32132}
		{93924862-BC86-4604-AE5E-C8DF950D112E} = {E2DA1ACD-4BF3-4E00-9966-974DB63A159D}
		{CC6B3E7C-4E03-4EAD-A62B-084D846096F9} = {73CA2535-9AA0-407C-85A3-205DF81EC6D1}
		{3602AF86-E043-4315-B642-5A3224DD24F7} = {5C6DB3E3-2E73-42FD-8F37-DF419CBBAE87}
		{A51BDCD6-28D9-4C03-B5CE-9F7EB6C49283} = {99AA22CB-CA03-4173-9FDD-C1C17CFB9576}
		{8ED91ABB-FC0F-4AA0-BF4E-2EB75835587F} = {612A4570-9622-4073-BACF-DEE9E3249175}
		{612A4570-9622-4073-BACF-DEE9E3249175} = {3DB4358F-D57F-4917-BE9E-89E0A18CBB50}
		{5C6DB3E3-2E73-42FD-8F37-DF419CBBAE87} = {E2DA1ACD-4BF3-4E00-9966-974DB63A159D}
		{782D1E4B-4822-4142-B9CE-ADFD75E32132} = {E2DA1ACD-4BF3-4E00-9966-974DB63A159D}
		{73CA2535-9AA0-407C-85A3-205DF81EC6D1} = {E2DA1ACD-4BF3-4E00-9966-974DB63A159D}
		{99AA22CB-CA03-4173-9FDD-C1C17CFB9576} = {E2DA1ACD-4BF3-4E00-9966-974DB63A159D}
		{E0CFC9CD-2AE4-4386-B8F8-F0EAB2CE5FF9} = {612A4570-9622-4073-BACF-DEE9E3249175}
		{986B6D68-CBD1-44AB-90F2-3699ED2C45E3} = {99AA22CB-CA03-4173-9FDD-C1C17CFB9576}
		{4B4E1C20-E063-49E9-9020-FB41A91B20BC} = {3DB4358F-D57F-4917-BE9E-89E0A18CBB50}
		{2446E485-7D08-45C2-8B8E-1A446026555C} = {3DB4358F-D57F-4917-BE9E-89E0A18CBB50}
		{E7B50FD2-72BB-40DB-98E7-4F5203B0146B} = {3DB4358F-D57F-4917-BE9E-89E0A18CBB50}
		{4FBC7EA9-666B-4E53-8E4A-39F6402B17D6} = {E7B50FD2-72BB-40DB-98E7-4F5203B0146B}
		{265D93CE-3335-40D1-9D1D-23CAD5E2796F} = {782D1E4B-4822-4142-B9CE-ADFD75E32132}
		{0AB05A60-4CFD-4936-8670-3A19DCEC31E5} = {782D1E4B-4822-4142-B9CE-ADFD75E32132}
		{B4BB32BC-8B94-4C54-9086-01D4E26F0B00} = {E7B50FD2-72BB-40DB-98E7-4F5203B0146B}
		{CE48878B-7E0A-4543-8318-04315B575DD4} = {5C6DB3E3-2E73-42FD-8F37-DF419CBBAE87}
		{F1C53FF7-A455-4FC0-AC9E-9C04984F9A36} = {E7B50FD2-72BB-40DB-98E7-4F5203B0146B}
		{449E4551-6DA5-4771-A9F8-F2D92EEC9AF1} = {3DA827B6-31E9-47F2-9E9A-9FC2AB735260}
		{84C4039B-A314-406F-AE65-6795F861E250} = {612A4570-9622-4073-BACF-DEE9E3249175}
		{58F7EDA3-EB46-4ADE-B100-2BE94CB1C83A} = {3DB4358F-D57F-4917-BE9E-89E0A18CBB50}
		{34F05F58-26DC-4E8D-A743-63AB4C22EEE1} = {3DB4358F-D57F-4917-BE9E-89E0A18CBB50}
		{9926156F-D579-4F01-8ABC-4027FB3A560E} = {2446E485-7D08-45C2-8B8E-1A446026555C}
		{3DA827B6-31E9-47F2-9E9A-9FC2AB735260} = {E2DA1ACD-4BF3-4E00-9966-974DB63A159D}
		{3C661480-98C7-4E72-B50D-69D3EB5C654B} = {3DA827B6-31E9-47F2-9E9A-9FC2AB735260}
	EndGlobalSection
	GlobalSection(ExtensibilityGlobals) = postSolution
		SolutionGuid = {5C06E58E-F3D5-49B0-BD97-955E42B8A879}
	EndGlobalSection
EndGlobal
